github.com/LincolnG4/go-exprtk v1.0.1-0.20240129205703-ddd8d9fdd98b h1:LuhmW360mM22EiEJp74+xFdNECBw69fvJZV7lU9ZsP4=
github.com/LincolnG4/go-exprtk v1.0.1-0.20240129205703-ddd8d9fdd98b/go.mod h1:gXBqure9Z9+9ctZqK8ORn7OPgwSE4HthEJF3y8cfrgs=
github.com/davecgh/go-spew v1.1.1 h1:vj9j/u1bqnvCEfJOwUhtlOARqs3+rkHYY13jYWTU97c=
github.com/davecgh/go-spew v1.1.1/go.mod h1:J7Y8YcW2NihsgmVo/mv3lAwl/skON4iLHjSsI+c5H38=
